# THIS IS AN AUTOGENERATED FILE. DO NOT EDIT THIS FILE DIRECTLY.
# yarn lockfile v1


"@composio/client@0.1.0-alpha.71":
  version "0.1.0-alpha.71"
  resolved "https://registry.yarnpkg.com/@composio/client/-/client-0.1.0-alpha.71.tgz#aae2d1b7f78014dac7204666d32d2a37f3b529b5"
  integrity sha512-6h1IPMbXIx5PjaU0T+a1MNnKHL/pPP7+X2nNQaler5XoENANWGm4mYePjR+7Cgtw1j6X2QkCmRLuX5q9c0INvQ==

"@composio/core@^0.9.1":
  version "0.9.1"
  resolved "https://registry.yarnpkg.com/@composio/core/-/core-0.9.1.tgz#49788650a39c782b889b876222265a52f08cb1bf"
  integrity sha512-9y3PJ6GiIdX3SIsLRV+vByhJ3L5+5CwH6RjKaT1McnVd6unIiKJ4DZxi1NcYs5O0J0R5gyCBvxo+CAJ5sDdDeQ==
  dependencies:
    "@composio/client" "0.1.0-alpha.71"
    "@composio/json-schema-to-zod" "0.1.20"
    "@types/json-schema" "^7.0.15"
    chalk "^4.1.2"
    openai "^6.16.0"
    pusher-js "^8.4.0"
    semver "^7.7.2"
    zod-to-json-schema "^3.25.1"

"@composio/json-schema-to-zod@0.1.20":
  version "0.1.20"
  resolved "https://registry.yarnpkg.com/@composio/json-schema-to-zod/-/json-schema-to-zod-0.1.20.tgz#c5254e79f1f82b5f17a67e5f866b026d09a6b913"
  integrity sha512-d4V34itLrUWG/VBh7ciznKcxF/T22MBLHmuEzHoX0zsBOHsUmjYz5qtDh20S2p3FE+HHvLZxpXiv8yfdd4yI+Q==

"@types/json-schema@^7.0.15":
  version "7.0.15"
  resolved "https://registry.yarnpkg.com/@types/json-schema/-/json-schema-7.0.15.tgz#596a1747233694d50f6ad8a7869fcb6f56cf5841"
  integrity sha512-5+fP8P8MFNC+AyZCDxrB2pkZFPGzqQWUzpSeuuVLvm8VMcorNYavBqoFcxK8bQz4Qsbn4oUEEem4wDLfcysGHA==

"@types/node@^25.7.0":
  version "25.7.0"
  resolved "https://registry.yarnpkg.com/@types/node/-/node-25.7.0.tgz#7498f82e90dbdce7c34b75aaaa256c498a0ebe6c"
  integrity sha512-z+pdZyxE+RTQE9AcboAZCb4otwcrvgHD+GlBpPgn0emDVt0ohrTMhAwlr2Wd9nZ+nihhYFxO2pThz3C5qSu2Eg==
  dependencies:
    undici-types "~7.21.0"

ansi-styles@^4.1.0:
  version "4.3.0"
  resolved "https://registry.yarnpkg.com/ansi-styles/-/ansi-styles-4.3.0.tgz#edd803628ae71c04c85ae7a0906edad34b648937"
  integrity sha512-zbB9rCJAT1rbjiVDb2hqKFHNYLxgtk8NURxZ3IZwD3F6NtxbXZQCnnSi1Lkx+IDohdPlFp222wVALIheZJQSEg==
  dependencies:
    color-convert "^2.0.1"

chalk@^4.1.2:
  version "4.1.2"
  resolved "https://registry.yarnpkg.com/chalk/-/chalk-4.1.2.tgz#aac4e2b7734a740867aeb16bf02aad556a1e7a01"
  integrity sha512-oKnbhFyRIXpUuez8iBMmyEa4nbj4IOQyuhc/wy9kY7/WVPcwIO9VA668Pu8RkO7+0G76SLROeyw9CpQ061i4mA==
  dependencies:
    ansi-styles "^4.1.0"
    supports-color "^7.1.0"

color-convert@^2.0.1:
  version "2.0.1"
  resolved "https://registry.yarnpkg.com/color-convert/-/color-convert-2.0.1.tgz#72d3a68d598c9bdb3af2ad1e84f21d896abd4de3"
  integrity sha512-RRECPsj7iu/xb5oKYcsFHSppFNnsj/52OVTRKb4zP5onXwVF3zVmmToNcOfGC+CRDpfK/U584fMg38ZHCaElKQ==
  dependencies:
    color-name "~1.1.4"

color-name@~1.1.4:
  version "1.1.4"
  resolved "https://registry.yarnpkg.com/color-name/-/color-name-1.1.4.tgz#c2a09a87acbde69543de6f63fa3995c826c536a2"
  integrity sha512-dOy+3AuW3a2wNbZHIuMZpTcgjGuLU/uBL/ubcZF9OXbDo8ff4O8yVp5Bf0efS8uEoYo5q4Fx7dY9OgQGXgAsQA==

has-flag@^4.0.0:
  version "4.0.0"
  resolved "https://registry.yarnpkg.com/has-flag/-/has-flag-4.0.0.tgz#944771fd9c81c81265c4d6941860da06bb59479b"
  integrity sha512-EykJT/Q1KjTWctppgIAgfSO0tKVuZUjhgMr17kqTumMl6Afv3EISleU7qZUzoXDFTAHTDC4NOoG/ZxU3EvlMPQ==

openai@^6.16.0:
  version "6.37.0"
  resolved "https://registry.yarnpkg.com/openai/-/openai-6.37.0.tgz#397331ae5f4375dcae37e396e259df83903a64e5"
  integrity sha512-0H5dEGFmmLv6KSd0W1w2nyL8WsLkX6yoLeQpU+dZAOuGcany5qkYQMmj35ZrKgb6yiyYqpUzFOpR8mZQkgqeEQ==

pusher-js@^8.4.0:
  version "8.5.0"
  resolved "https://registry.yarnpkg.com/pusher-js/-/pusher-js-8.5.0.tgz#329d4fb4b5e4ae0a5e0a558b6da1a852c4badae4"
  integrity sha512-V7uzGi9bqOOOyM/6IkJdpFyjGZj7llz1v0oWnYkZKcYLvbz6VcHVLmzKqkvegjuMumpfIEKGLmWHwFb39XFCpw==
  dependencies:
    tweetnacl "^1.0.3"

semver@^7.7.2:
  version "7.8.0"
  resolved "https://registry.yarnpkg.com/semver/-/semver-7.8.0.tgz#ed0661039fcbcda2ce71f01fa6adbefaa77040df"
  integrity sha512-AcM7dV/5ul4EekoQ29Agm5vri8JNqRyj39o0qpX6vDF2GZrtutZl5RwgD1XnZjiTAfncsJhMI48QQH3sN87YNA==

supports-color@^7.1.0:
  version "7.2.0"
  resolved "https://registry.yarnpkg.com/supports-color/-/supports-color-7.2.0.tgz#1b7dcdcb32b8138801b3e478ba6a51caa89648da"
  integrity sha512-qpCAvRl9stuOHveKsn7HncJRvv501qIacKzQlO/+Lwxc9+0q2wLyv4Dfvt80/DPn2pqOBsJdDiogXGR9+OvwRw==
  dependencies:
    has-flag "^4.0.0"

tweetnacl@^1.0.3:
  version "1.0.3"
  resolved "https://registry.yarnpkg.com/tweetnacl/-/tweetnacl-1.0.3.tgz#ac0af71680458d8a6378d0d0d050ab1407d35596"
  integrity sha512-6rt+RN7aOi1nGMyC4Xa5DdYiukl2UWCbcJft7YhxReBGQD7OAM8Pbxw6YMo4r2diNEA8FEmu32YOn9rhaiE5yw==

typescript@^5.2.2:
  version "5.9.3"
  resolved "https://registry.yarnpkg.com/typescript/-/typescript-5.9.3.tgz#5b4f59e15310ab17a216f5d6cf53ee476ede670f"
  integrity sha512-jl1vZzPDinLr9eUt3J/t7V6FgNEw9QjvBPdysz9KfQDD41fQrC2Y4vKQdiaUpFT4bXlb1RHhLpp8wtm6M5TgSw==

undici-types@~7.21.0:
  version "7.21.0"
  resolved "https://registry.yarnpkg.com/undici-types/-/undici-types-7.21.0.tgz#433f7dd1b5daa9ab4dacb721a5e11a8de51eadda"
  integrity sha512-w9IMgQrz4O0YN1LtB7K5P63vhlIOvC7opSmouCJ+ZywlPAlO9gIkJ+otk6LvGpAs2wg4econaCz3TvQ9xPoyuQ==

zod-to-json-schema@^3.25.1:
  version "3.25.2"
  resolved "https://registry.yarnpkg.com/zod-to-json-schema/-/zod-to-json-schema-3.25.2.tgz#3fa799a7badd554541472fb65843fdc460b2e5aa"
  integrity sha512-O/PgfnpT1xKSDeQYSCfRI5Gy3hPf91mKVDuYLUHZJMiDFptvP41MSnWofm8dnCm0256ZNfZIM7DSzuSMAFnjHA==

zod@^4.4.3:
  version "4.4.3"
  resolved "https://registry.yarnpkg.com/zod/-/zod-4.4.3.tgz#b680f172885d18bbebf21a834ea25e55a1bbf356"
  integrity sha512-ytENFjIJFl2UwYglde2jchW2Hwm4GJFLDiSXWdTrJQBIN9Fcyp7n4DhxJEiWNAJMV1/BqWfW/kkg71UDcHJyTQ==
